
Microsoft Visual Studio Solution File, Format Version 12.00
# Visual Studio Version 17
VisualStudioVersion = 17.3.32929.385
MinimumVisualStudioVersion = 10.0.40219.1
Project("{FAE04EC0-301F-11D3-BF4B-00C04F79EFBC}") = "riad_yassine project", "riad_yassine project\riad_yassine project.csproj", "{658A53BC-7823-4A24-BEA4-2A602570A81F}"
EndProject
Global
	GlobalSection(SolutionConfigurationPlatforms) = preSolution
		Debug|Any CPU = Debug|Any CPU
		Release|Any CPU = Release|Any CPU
	EndGlobalSection
	GlobalSection(ProjectConfigurationPlatforms) = postSolution
		{658A53BC-7823-4A24-BEA4-2A602570A81F}.Debug|Any CPU.ActiveCfg = Debug|Any CPU
		{658A53BC-7823-4A24-BEA4-2A602570A81F}.Debug|Any CPU.Build.0 = Debug|Any CPU
		{658A53BC-7823-4A24-BEA4-2A602570A81F}.Release|Any CPU.ActiveCfg = Release|Any CPU
		{658A53BC-7823-4A24-BEA4-2A602570A81F}.Release|Any CPU.Build.0 = Release|Any CPU
	EndGlobalSection
	GlobalSection(SolutionProperties) = preSolution
		HideSolutionNode = FALSE
	EndGlobalSection
	GlobalSection(ExtensibilityGlobals) = postSolution
		SolutionGuid = {9B878094-41D2-4A96-B6B8-B0EC6505ED6A}
	EndGlobalSection
EndGlobal
